
Microsoft Visual Studio Solution File, Format Version 12.00
# Visual Studio 15
VisualStudioVersion = 15.0.27004.2010
MinimumVisualStudioVersion = 10.0.40219.1
Project("{FAE04EC0-301F-11D3-BF4B-00C04F79EFBC}") = "MobileShop", "MobileShop\MobileShop.csproj", "{C990B490-8123-4514-8EAC-895E513721D4}"
EndProject
Global
	GlobalSection(SolutionConfigurationPlatforms) = preSolution
		Debug|Any CPU = Debug|Any CPU
		Release|Any CPU = Release|Any CPU
	EndGlobalSection
	GlobalSection(ProjectConfigurationPlatforms) = postSolution
		{C990B490-8123-4514-8EAC-895E513721D4}.Debug|Any CPU.ActiveCfg = Debug|Any CPU
		{C990B490-8123-4514-8EAC-895E513721D4}.Debug|Any CPU.Build.0 = Debug|Any CPU
		{C990B490-8123-4514-8EAC-895E513721D4}.Release|Any CPU.ActiveCfg = Release|Any CPU
		{C990B490-8123-4514-8EAC-895E513721D4}.Release|Any CPU.Build.0 = Release|Any CPU
	EndGlobalSection
	GlobalSection(SolutionProperties) = preSolution
		HideSolutionNode = FALSE
	EndGlobalSection
	GlobalSection(ExtensibilityGlobals) = postSolution
		SolutionGuid = {3136C0DF-5618-4793-88A1-9AC1F85D3D05}
	EndGlobalSection
EndGlobal
